
Microsoft Visual Studio Solution File, Format Version 12.00
# Visual Studio 15
VisualStudioVersion = 15.0.26124.0
MinimumVisualStudioVersion = 15.0.26124.0
Project("{2150E333-8FDC-42A3-9474-1A3956D46DE8}") = "src", "src", "{3A7A5DB4-842A-4283-975B-81AE31B86074}"
EndProject
Project("{FAE04EC0-301F-11D3-BF4B-00C04F79EFBC}") = "ForumBXS.Infra", "src\ForumBXS.Infra\ForumBXS.Infra.csproj", "{CDDBCF21-F30A-4F1B-B957-1BA0FCC8D263}"
EndProject
Project("{FAE04EC0-301F-11D3-BF4B-00C04F79EFBC}") = "ForumBXS.Shared", "src\ForumBXS.Shared\ForumBXS.Shared.csproj", "{F7A303E2-9983-491E-9991-283FE62C84E8}"
EndProject
Project("{FAE04EC0-301F-11D3-BF4B-00C04F79EFBC}") = "ForumBXS.WebAPI", "src\ForumBXS.WebAPI\ForumBXS.WebAPI.csproj", "{8B3150EE-B384-48EF-BDC1-C7476A7EE519}"
EndProject
Project("{2150E333-8FDC-42A3-9474-1A3956D46DE8}") = "test", "test", "{D73DFE58-A45E-41D0-9BEA-2B19AE70DBEB}"
EndProject
Project("{FAE04EC0-301F-11D3-BF4B-00C04F79EFBC}") = "ForumBXS.DomainTest", "test\ForumBXS.DomainTest\ForumBXS.DomainTest.csproj", "{8E487F43-638F-473E-B9F4-A757FAC65103}"
EndProject
Project("{FAE04EC0-301F-11D3-BF4B-00C04F79EFBC}") = "Posts.Domain", "src\Posts.Domain\Posts.Domain.csproj", "{125B1BE8-7785-4CC3-8AF9-5EF699E02ECD}"
EndProject
Global
	GlobalSection(SolutionConfigurationPlatforms) = preSolution
		Debug|Any CPU = Debug|Any CPU
		Debug|x64 = Debug|x64
		Debug|x86 = Debug|x86
		Release|Any CPU = Release|Any CPU
		Release|x64 = Release|x64
		Release|x86 = Release|x86
	EndGlobalSection
	GlobalSection(SolutionProperties) = preSolution
		HideSolutionNode = FALSE
	EndGlobalSection
	GlobalSection(ProjectConfigurationPlatforms) = postSolution
		{CDDBCF21-F30A-4F1B-B957-1BA0FCC8D263}.Debug|Any CPU.ActiveCfg = Debug|Any CPU
		{CDDBCF21-F30A-4F1B-B957-1BA0FCC8D263}.Debug|Any CPU.Build.0 = Debug|Any CPU
		{CDDBCF21-F30A-4F1B-B957-1BA0FCC8D263}.Debug|x64.ActiveCfg = Debug|Any CPU
		{CDDBCF21-F30A-4F1B-B957-1BA0FCC8D263}.Debug|x64.Build.0 = Debug|Any CPU
		{CDDBCF21-F30A-4F1B-B957-1BA0FCC8D263}.Debug|x86.ActiveCfg = Debug|Any CPU
		{CDDBCF21-F30A-4F1B-B957-1BA0FCC8D263}.Debug|x86.Build.0 = Debug|Any CPU
		{CDDBCF21-F30A-4F1B-B957-1BA0FCC8D263}.Release|Any CPU.ActiveCfg = Release|Any CPU
		{CDDBCF21-F30A-4F1B-B957-1BA0FCC8D263}.Release|Any CPU.Build.0 = Release|Any CPU
		{CDDBCF21-F30A-4F1B-B957-1BA0FCC8D263}.Release|x64.ActiveCfg = Release|Any CPU
		{CDDBCF21-F30A-4F1B-B957-1BA0FCC8D263}.Release|x64.Build.0 = Release|Any CPU
		{CDDBCF21-F30A-4F1B-B957-1BA0FCC8D263}.Release|x86.ActiveCfg = Release|Any CPU
		{CDDBCF21-F30A-4F1B-B957-1BA0FCC8D263}.Release|x86.Build.0 = Release|Any CPU
		{F7A303E2-9983-491E-9991-283FE62C84E8}.Debug|Any CPU.ActiveCfg = Debug|Any CPU
		{F7A303E2-9983-491E-9991-283FE62C84E8}.Debug|Any CPU.Build.0 = Debug|Any CPU
		{F7A303E2-9983-491E-9991-283FE62C84E8}.Debug|x64.ActiveCfg = Debug|Any CPU
		{F7A303E2-9983-491E-9991-283FE62C84E8}.Debug|x64.Build.0 = Debug|Any CPU
		{F7A303E2-9983-491E-9991-283FE62C84E8}.Debug|x86.ActiveCfg = Debug|Any CPU
		{F7A303E2-9983-491E-9991-283FE62C84E8}.Debug|x86.Build.0 = Debug|Any CPU
		{F7A303E2-9983-491E-9991-283FE62C84E8}.Release|Any CPU.ActiveCfg = Release|Any CPU
		{F7A303E2-9983-491E-9991-283FE62C84E8}.Release|Any CPU.Build.0 = Release|Any CPU
		{F7A303E2-9983-491E-9991-283FE62C84E8}.Release|x64.ActiveCfg = Release|Any CPU
		{F7A303E2-9983-491E-9991-283FE62C84E8}.Release|x64.Build.0 = Release|Any CPU
		{F7A303E2-9983-491E-9991-283FE62C84E8}.Release|x86.ActiveCfg = Release|Any CPU
		{F7A303E2-9983-491E-9991-283FE62C84E8}.Release|x86.Build.0 = Release|Any CPU
		{8B3150EE-B384-48EF-BDC1-C7476A7EE519}.Debug|Any CPU.ActiveCfg = Debug|Any CPU
		{8B3150EE-B384-48EF-BDC1-C7476A7EE519}.Debug|Any CPU.Build.0 = Debug|Any CPU
		{8B3150EE-B384-48EF-BDC1-C7476A7EE519}.Debug|x64.ActiveCfg = Debug|Any CPU
		{8B3150EE-B384-48EF-BDC1-C7476A7EE519}.Debug|x64.Build.0 = Debug|Any CPU
		{8B3150EE-B384-48EF-BDC1-C7476A7EE519}.Debug|x86.ActiveCfg = Debug|Any CPU
		{8B3150EE-B384-48EF-BDC1-C7476A7EE519}.Debug|x86.Build.0 = Debug|Any CPU
		{8B3150EE-B384-48EF-BDC1-C7476A7EE519}.Release|Any CPU.ActiveCfg = Release|Any CPU
		{8B3150EE-B384-48EF-BDC1-C7476A7EE519}.Release|Any CPU.Build.0 = Release|Any CPU
		{8B3150EE-B384-48EF-BDC1-C7476A7EE519}.Release|x64.ActiveCfg = Release|Any CPU
		{8B3150EE-B384-48EF-BDC1-C7476A7EE519}.Release|x64.Build.0 = Release|Any CPU
		{8B3150EE-B384-48EF-BDC1-C7476A7EE519}.Release|x86.ActiveCfg = Release|Any CPU
		{8B3150EE-B384-48EF-BDC1-C7476A7EE519}.Release|x86.Build.0 = Release|Any CPU
		{8E487F43-638F-473E-B9F4-A757FAC65103}.Debug|Any CPU.ActiveCfg = Debug|Any CPU
		{8E487F43-638F-473E-B9F4-A757FAC65103}.Debug|Any CPU.Build.0 = Debug|Any CPU
		{8E487F43-638F-473E-B9F4-A757FAC65103}.Debug|x64.ActiveCfg = Debug|Any CPU
		{8E487F43-638F-473E-B9F4-A757FAC65103}.Debug|x64.Build.0 = Debug|Any CPU
		{8E487F43-638F-473E-B9F4-A757FAC65103}.Debug|x86.ActiveCfg = Debug|Any CPU
		{8E487F43-638F-473E-B9F4-A757FAC65103}.Debug|x86.Build.0 = Debug|Any CPU
		{8E487F43-638F-473E-B9F4-A757FAC65103}.Release|Any CPU.ActiveCfg = Release|Any CPU
		{8E487F43-638F-473E-B9F4-A757FAC65103}.Release|Any CPU.Build.0 = Release|Any CPU
		{8E487F43-638F-473E-B9F4-A757FAC65103}.Release|x64.ActiveCfg = Release|Any CPU
		{8E487F43-638F-473E-B9F4-A757FAC65103}.Release|x64.Build.0 = Release|Any CPU
		{8E487F43-638F-473E-B9F4-A757FAC65103}.Release|x86.ActiveCfg = Release|Any CPU
		{8E487F43-638F-473E-B9F4-A757FAC65103}.Release|x86.Build.0 = Release|Any CPU
		{125B1BE8-7785-4CC3-8AF9-5EF699E02ECD}.Debug|Any CPU.ActiveCfg = Debug|Any CPU
		{125B1BE8-7785-4CC3-8AF9-5EF699E02ECD}.Debug|Any CPU.Build.0 = Debug|Any CPU
		{125B1BE8-7785-4CC3-8AF9-5EF699E02ECD}.Debug|x64.ActiveCfg = Debug|Any CPU
		{125B1BE8-7785-4CC3-8AF9-5EF699E02ECD}.Debug|x64.Build.0 = Debug|Any CPU
		{125B1BE8-7785-4CC3-8AF9-5EF699E02ECD}.Debug|x86.ActiveCfg = Debug|Any CPU
		{125B1BE8-7785-4CC3-8AF9-5EF699E02ECD}.Debug|x86.Build.0 = Debug|Any CPU
		{125B1BE8-7785-4CC3-8AF9-5EF699E02ECD}.Release|Any CPU.ActiveCfg = Release|Any CPU
		{125B1BE8-7785-4CC3-8AF9-5EF699E02ECD}.Release|Any CPU.Build.0 = Release|Any CPU
		{125B1BE8-7785-4CC3-8AF9-5EF699E02ECD}.Release|x64.ActiveCfg = Release|Any CPU
		{125B1BE8-7785-4CC3-8AF9-5EF699E02ECD}.Release|x64.Build.0 = Release|Any CPU
		{125B1BE8-7785-4CC3-8AF9-5EF699E02ECD}.Release|x86.ActiveCfg = Release|Any CPU
		{125B1BE8-7785-4CC3-8AF9-5EF699E02ECD}.Release|x86.Build.0 = Release|Any CPU
	EndGlobalSection
	GlobalSection(NestedProjects) = preSolution
		{CDDBCF21-F30A-4F1B-B957-1BA0FCC8D263} = {3A7A5DB4-842A-4283-975B-81AE31B86074}
		{F7A303E2-9983-491E-9991-283FE62C84E8} = {3A7A5DB4-842A-4283-975B-81AE31B86074}
		{8B3150EE-B384-48EF-BDC1-C7476A7EE519} = {3A7A5DB4-842A-4283-975B-81AE31B86074}
		{8E487F43-638F-473E-B9F4-A757FAC65103} = {D73DFE58-A45E-41D0-9BEA-2B19AE70DBEB}
		{125B1BE8-7785-4CC3-8AF9-5EF699E02ECD} = {3A7A5DB4-842A-4283-975B-81AE31B86074}
	EndGlobalSection
EndGlobal
